// !$*UTF8*$!
{
	archiveVersion = 1;
	classes = {
	};
	objectVersion = 50;
	objects = {

/* Begin PBXBuildFile section */
		170A23FE4B0C4ADC911E5F9C /* libPods-driveMe.a in Frameworks */ = {isa = PBXBuildFile; fileRef = A493E6D71B282B50C9D9610A /* libPods-driveMe.a */; };
		35A197432042E14C00901D25 /* AppDelegate.swift in Sources */ = {isa = PBXBuildFile; fileRef = 35A197422042E14C00901D25 /* AppDelegate.swift */; };
		35A197452042E14C00901D25 /* ViewController.swift in Sources */ = {isa = PBXBuildFile; fileRef = 35A197442042E14C00901D25 /* ViewController.swift */; };
		35A197482042E14C00901D25 /* Main.storyboard in Resources */ = {isa = PBXBuildFile; fileRef = 35A197462042E14C00901D25 /* Main.storyboard */; };
		35A1974A2042E14D00901D25 /* Assets.xcassets in Resources */ = {isa = PBXBuildFile; fileRef = 35A197492042E14D00901D25 /* Assets.xcassets */; };
		35A1974D2042E14D00901D25 /* LaunchScreen.storyboard in Resources */ = {isa = PBXBuildFile; fileRef = 35A1974B2042E14D00901D25 /* LaunchScreen.storyboard */; };
/* End PBXBuildFile section */

/* Begin PBXFileReference section */
		1684EEC1BAB7CAD43103927B /* Pods-driveMe.debug.xcconfig */ = {isa = PBXFileReference; includeInIndex = 1; lastKnownFileType = text.xcconfig; name = "Pods-driveMe.debug.xcconfig"; path = "Pods/Target Support Files/Pods-driveMe/Pods-driveMe.debug.xcconfig"; sourceTree = "<group>"; };
		35A1973F2042E14C00901D25 /* driveMe.app */ = {isa = PBXFileReference; explicitFileType = wrapper.application; includeInIndex = 0; path = driveMe.app; sourceTree = BUILT_PRODUCTS_DIR; };
		35A197422042E14C00901D25 /* AppDelegate.swift */ = {isa = PBXFileReference; lastKnownFileType = sourcecode.swift; path = AppDelegate.swift; sourceTree = "<group>"; };
		35A197442042E14C00901D25 /* ViewController.swift */ = {isa = PBXFileReference; lastKnownFileType = sourcecode.swift; path = ViewController.swift; sourceTree = "<group>"; };
		35A197472042E14C00901D25 /* Base */ = {isa = PBXFileReference; lastKnownFileType = file.storyboard; name = Base; path = Base.lproj/Main.storyboard; sourceTree = "<group>"; };
		35A197492042E14D00901D25 /* Assets.xcassets */ = {isa = PBXFileReference; lastKnownFileType = folder.assetcatalog; path = Assets.xcassets; sourceTree = "<group>"; };
		35A1974C2042E14D00901D25 /* Base */ = {isa = PBXFileReference; lastKnownFileType = file.storyboard; name = Base; path = Base.lproj/LaunchScreen.storyboard; sourceTree = "<group>"; };
		35A1974E2042E14D00901D25 /* Info.plist */ = {isa = PBXFileReference; lastKnownFileType = text.plist.xml; path = Info.plist; sourceTree = "<group>"; };
		A493E6D71B282B50C9D9610A /* libPods-driveMe.a */ = {isa = PBXFileReference; explicitFileType = archive.ar; includeInIndex = 0; path = "libPods-driveMe.a"; sourceTree = BUILT_PRODUCTS_DIR; };
		BDC1A9C5E3A281C777ED80DC /* Pods-driveMe.release.xcconfig */ = {isa = PBXFileReference; includeInIndex = 1; lastKnownFileType = text.xcconfig; name = "Pods-driveMe.release.xcconfig"; path = "Pods/Target Support Files/Pods-driveMe/Pods-driveMe.release.xcconfig"; sourceTree = "<group>"; };
/* End PBXFileReference section */

/* Begin PBXFrameworksBuildPhase section */
		35A1973C2042E14C00901D25 /* Frameworks */ = {
			isa = PBXFrameworksBuildPhase;
			buildActionMask = 2147483647;
			files = (
				170A23FE4B0C4ADC911E5F9C /* libPods-driveMe.a in Frameworks */,
			);
			runOnlyForDeploymentPostprocessing = 0;
		};
/* End PBXFrameworksBuildPhase section */

/* Begin PBXGroup section */
		35A197362042E14C00901D25 = {
			isa = PBXGroup;
			children = (
				35A197412042E14C00901D25 /* driveMe */,
				35A197402042E14C00901D25 /* Products */,
				8BAC003745DCB3EC6FBBA505 /* Pods */,
				5227420FBCF80AB34B79EAEB /* Frameworks */,
			);
			sourceTree = "<group>";
		};
		35A197402042E14C00901D25 /* Products */ = {
			isa = PBXGroup;
			children = (
				35A1973F2042E14C00901D25 /* driveMe.app */,
			);
			name = Products;
			sourceTree = "<group>";
		};
		35A197412042E14C00901D25 /* driveMe */ = {
			isa = PBXGroup;
			children = (
				35A197422042E14C00901D25 /* AppDelegate.swift */,
				35A197442042E14C00901D25 /* ViewController.swift */,
				35A197462042E14C00901D25 /* Main.storyboard */,
				35A197492042E14D00901D25 /* Assets.xcassets */,
				35A1974B2042E14D00901D25 /* LaunchScreen.storyboard */,
				35A1974E2042E14D00901D25 /* Info.plist */,
			);
			path = driveMe;
			sourceTree = "<group>";
		};
		5227420FBCF80AB34B79EAEB /* Frameworks */ = {
			isa = PBXGroup;
			children = (
				A493E6D71B282B50C9D9610A /* libPods-driveMe.a */,
			);
			name = Frameworks;
			sourceTree = "<group>";
		};
		8BAC003745DCB3EC6FBBA505 /* Pods */ = {
			isa = PBXGroup;
			children = (
				1684EEC1BAB7CAD43103927B /* Pods-driveMe.debug.xcconfig */,
				BDC1A9C5E3A281C777ED80DC /* Pods-driveMe.release.xcconfig */,
			);
			name = Pods;
			sourceTree = "<group>";
		};
/* End PBXGroup section */

/* Begin PBXNativeTarget section */
		35A1973E2042E14C00901D25 /* driveMe */ = {
			isa = PBXNativeTarget;
			buildConfigurationList = 35A197512042E14D00901D25 /* Build configuration list for PBXNativeTarget "driveMe" */;
			buildPhases = (
				405F8A411C121665293B930C /* [CP] Check Pods Manifest.lock */,
				35A1973B2042E14C00901D25 /* Sources */,
				35A1973C2042E14C00901D25 /* Frameworks */,
				35A1973D2042E14C00901D25 /* Resources */,
				9DD230A2B4BD7E5E59EBA5C4 /* [CP] Embed Pods Frameworks */,
				23EF350B89790248FB9C37DF /* [CP] Copy Pods Resources */,
			);
			buildRules = (
			);
			dependencies = (
			);
			name = driveMe;
			productName = driveMe;
			productReference = 35A1973F2042E14C00901D25 /* driveMe.app */;
			productType = "com.apple.product-type.application";
		};
/* End PBXNativeTarget section */

/* Begin PBXProject section */
		35A197372042E14C00901D25 /* Project object */ = {
			isa = PBXProject;
			attributes = {
				LastSwiftUpdateCheck = 0930;
				LastUpgradeCheck = 0930;
				ORGANIZATIONNAME = intralizee;
				TargetAttributes = {
					35A1973E2042E14C00901D25 = {
						CreatedOnToolsVersion = 9.3;
					};
				};
			};
			buildConfigurationList = 35A1973A2042E14C00901D25 /* Build configuration list for PBXProject "driveMe" */;
			compatibilityVersion = "Xcode 9.3";
			developmentRegion = en;
			hasScannedForEncodings = 0;
			knownRegions = (
				en,
				Base,
			);
			mainGroup = 35A197362042E14C00901D25;
			productRefGroup = 35A197402042E14C00901D25 /* Products */;
			projectDirPath = "";
			projectRoot = "";
			targets = (
				35A1973E2042E14C00901D25 /* driveMe */,
			);
		};
/* End PBXProject section */

/* Begin PBXResourcesBuildPhase section */
		35A1973D2042E14C00901D25 /* Resources */ = {
			isa = PBXResourcesBuildPhase;
			buildActionMask = 2147483647;
			files = (
				35A1974D2042E14D00901D25 /* LaunchScreen.storyboard in Resources */,
				35A1974A2042E14D00901D25 /* Assets.xcassets in Resources */,
				35A197482042E14C00901D25 /* Main.storyboard in Resources */,
			);
			runOnlyForDeploymentPostprocessing = 0;
		};
/* End PBXResourcesBuildPhase section */

/* Begin PBXShellScriptBuildPhase section */
		23EF350B89790248FB9C37DF /* [CP] Copy Pods Resources */ = {
			isa = PBXShellScriptBuildPhase;
			buildActionMask = 2147483647;
			files = (
			);
			inputPaths = (
				"${SRCROOT}/Pods/Target Support Files/Pods-driveMe/Pods-driveMe-resources.sh",
				"${PODS_ROOT}/GoogleMaps/Maps/Frameworks/GoogleMaps.framework/Resources/GoogleMaps.bundle",
				"${PODS_ROOT}/GooglePlaces/Frameworks/GooglePlaces.framework/Resources/GooglePlaces.bundle",
			);
			name = "[CP] Copy Pods Resources";
			outputPaths = (
				"${TARGET_BUILD_DIR}/${UNLOCALIZED_RESOURCES_FOLDER_PATH}/GoogleMaps.bundle",
				"${TARGET_BUILD_DIR}/${UNLOCALIZED_RESOURCES_FOLDER_PATH}/GooglePlaces.bundle",
			);
			runOnlyForDeploymentPostprocessing = 0;
			shellPath = /bin/sh;
			shellScript = "\"${SRCROOT}/Pods/Target Support Files/Pods-driveMe/Pods-driveMe-resources.sh\"\n";
			showEnvVarsInLog = 0;
		};
		405F8A411C121665293B930C /* [CP] Check Pods Manifest.lock */ = {
			isa = PBXShellScriptBuildPhase;
			buildActionMask = 2147483647;
			files = (
			);
			inputPaths = (
				"${PODS_PODFILE_DIR_PATH}/Podfile.lock",
				"${PODS_ROOT}/Manifest.lock",
			);
			name = "[CP] Check Pods Manifest.lock";
			outputPaths = (
				"$(DERIVED_FILE_DIR)/Pods-driveMe-checkManifestLockResult.txt",
			);
			runOnlyForDeploymentPostprocessing = 0;
			shellPath = /bin/sh;
			shellScript = "diff \"${PODS_PODFILE_DIR_PATH}/Podfile.lock\" \"${PODS_ROOT}/Manifest.lock\" > /dev/null\nif [ $? != 0 ] ; then\n    # print error to STDERR\n    echo \"error: The sandbox is not in sync with the Podfile.lock. Run 'pod install' or update your CocoaPods installation.\" >&2\n    exit 1\nfi\n# This output is used by Xcode 'outputs' to avoid re-running this script phase.\necho \"SUCCESS\" > \"${SCRIPT_OUTPUT_FILE_0}\"\n";
			showEnvVarsInLog = 0;
		};
		9DD230A2B4BD7E5E59EBA5C4 /* [CP] Embed Pods Frameworks */ = {
			isa = PBXShellScriptBuildPhase;
			buildActionMask = 2147483647;
			files = (
			);
			inputPaths = (
			);
			name = "[CP] Embed Pods Frameworks";
			outputPaths = (
			);
			runOnlyForDeploymentPostprocessing = 0;
			shellPath = /bin/sh;
			shellScript = "\"${SRCROOT}/Pods/Target Support Files/Pods-driveMe/Pods-driveMe-frameworks.sh\"\n";
			showEnvVarsInLog = 0;
		};
/* End PBXShellScriptBuildPhase section */

/* Begin PBXSourcesBuildPhase section */
		35A1973B2042E14C00901D25 /* Sources */ = {
			isa = PBXSourcesBuildPhase;
			buildActionMask = 2147483647;
			files = (
				35A197452042E14C00901D25 /* ViewController.swift in Sources */,
				35A197432042E14C00901D25 /* AppDelegate.swift in Sources */,
			);
			runOnlyForDeploymentPostprocessing = 0;
		};
/* End PBXSourcesBuildPhase section */

/* Begin PBXVariantGroup section */
		35A197462042E14C00901D25 /* Main.storyboard */ = {
			isa = PBXVariantGroup;
			children = (
				35A197472042E14C00901D25 /* Base */,
			);
			name = Main.storyboard;
			sourceTree = "<group>";
		};
		35A1974B2042E14D00901D25 /* LaunchScreen.storyboard */ = {
			isa = PBXVariantGroup;
			children = (
				35A1974C2042E14D00901D25 /* Base */,
			);
			name = LaunchScreen.storyboard;
			sourceTree = "<group>";
		};
/* End PBXVariantGroup section */

/* Begin XCBuildConfiguration section */
		35A1974F2042E14D00901D25 /* Debug */ = {
			isa = XCBuildConfiguration;
			buildSettings = {
				ALWAYS_SEARCH_USER_PATHS = NO;
				CLANG_ANALYZER_NONNULL = YES;
				CLANG_ANALYZER_NUMBER_OBJECT_CONVERSION = YES_AGGRESSIVE;
				CLANG_CXX_LANGUAGE_STANDARD = "gnu++14";
				CLANG_CXX_LIBRARY = "libc++";
				CLANG_ENABLE_MODULES = YES;
				CLANG_ENABLE_OBJC_ARC = YES;
				CLANG_ENABLE_OBJC_WEAK = YES;
				CLANG_WARN_BLOCK_CAPTURE_AUTORELEASING = YES;
				CLANG_WARN_BOOL_CONVERSION = YES;
				CLANG_WARN_COMMA = YES;
				CLANG_WARN_CONSTANT_CONVERSION = YES;
				CLANG_WARN_DEPRECATED_OBJC_IMPLEMENTATIONS = YES;
				CLANG_WARN_DIRECT_OBJC_ISA_USAGE = YES_ERROR;
				CLANG_WARN_DOCUMENTATION_COMMENTS = YES;
				CLANG_WARN_EMPTY_BODY = YES;
				CLANG_WARN_ENUM_CONVERSION = YES;
				CLANG_WARN_INFINITE_RECURSION = YES;
				CLANG_WARN_INT_CONVERSION = YES;
				CLANG_WARN_NON_LITERAL_NULL_CONVERSION = YES;
				CLANG_WARN_OBJC_IMPLICIT_RETAIN_SELF = YES;
				CLANG_WARN_OBJC_LITERAL_CONVERSION = YES;
				CLANG_WARN_OBJC_ROOT_CLASS = YES_ERROR;
				CLANG_WARN_RANGE_LOOP_ANALYSIS = YES;
				CLANG_WARN_STRICT_PROTOTYPES = YES;
				CLANG_WARN_SUSPICIOUS_MOVE = YES;
				CLANG_WARN_UNGUARDED_AVAILABILITY = YES_AGGRESSIVE;
				CLANG_WARN_UNREACHABLE_CODE = YES;
				CLANG_WARN__DUPLICATE_METHOD_MATCH = YES;
				CODE_SIGN_IDENTITY = "iPhone Developer";
				COPY_PHASE_STRIP = NO;
				DEBUG_INFORMATION_FORMAT = dwarf;
				ENABLE_STRICT_OBJC_MSGSEND = YES;
				ENABLE_TESTABILITY = YES;
				GCC_C_LANGUAGE_STANDARD = gnu11;
				GCC_DYNAMIC_NO_PIC = NO;
				GCC_NO_COMMON_BLOCKS = YES;
				GCC_OPTIMIZATION_LEVEL = 0;
				GCC_PREPROCESSOR_DEFINITIONS = (
					"DEBUG=1",
					"$(inherited)",
				);
				GCC_WARN_64_TO_32_BIT_CONVERSION = YES;
				GCC_WARN_ABOUT_RETURN_TYPE = YES_ERROR;
				GCC_WARN_UNDECLARED_SELECTOR = YES;
				GCC_WARN_UNINITIALIZED_AUTOS = YES_AGGRESSIVE;
				GCC_WARN_UNUSED_FUNCTION = YES;
				GCC_WARN_UNUSED_VARIABLE = YES;
				IPHONEOS_DEPLOYMENT_TARGET = 11.3;
				MTL_ENABLE_DEBUG_INFO = YES;
				ONLY_ACTIVE_ARCH = YES;
				SDKROOT = iphoneos;
				SWIFT_ACTIVE_COMPILATION_CONDITIONS = DEBUG;
				SWIFT_OPTIMIZATION_LEVEL = "-Onone";
			};
			name = Debug;
		};
		35A197502042E14D00901D25 /* Release */ = {
			isa = XCBuildConfiguration;
			buildSettings = {
				ALWAYS_SEARCH_USER_PATHS = NO;
				CLANG_ANALYZER_NONNULL = YES;
				CLANG_ANALYZER_NUMBER_OBJECT_CONVERSION = YES_AGGRESSIVE;
				CLANG_CXX_LANGUAGE_STANDARD = "gnu++14";
				CLANG_CXX_LIBRARY = "libc++";
				CLANG_ENABLE_MODULES = YES;
				CLANG_ENABLE_OBJC_ARC = YES;
				CLANG_ENABLE_OBJC_WEAK = YES;
				CLANG_WARN_BLOCK_CAPTURE_AUTORELEASING = YES;
				CLANG_WARN_BOOL_CONVERSION = YES;
				CLANG_WARN_COMMA = YES;
				CLANG_WARN_CONSTANT_CONVERSION = YES;
				CLANG_WARN_DEPRECATED_OBJC_IMPLEMENTATIONS = YES;
				CLANG_WARN_DIRECT_OBJC_ISA_USAGE = YES_ERROR;
				CLANG_WARN_DOCUMENTATION_COMMENTS = YES;
				CLANG_WARN_EMPTY_BODY = YES;
				CLANG_WARN_ENUM_CONVERSION = YES;
				CLANG_WARN_INFINITE_RECURSION = YES;
				CLANG_WARN_INT_CONVERSION = YES;
				CLANG_WARN_NON_LITERAL_NULL_CONVERSION = YES;
				CLANG_WARN_OBJC_IMPLICIT_RETAIN_SELF = YES;
				CLANG_WARN_OBJC_LITERAL_CONVERSION = YES;
				CLANG_WARN_OBJC_ROOT_CLASS = YES_ERROR;
				CLANG_WARN_RANGE_LOOP_ANALYSIS = YES;
				CLANG_WARN_STRICT_PROTOTYPES = YES;
				CLANG_WARN_SUSPICIOUS_MOVE = YES;
				CLANG_WARN_UNGUARDED_AVAILABILITY = YES_AGGRESSIVE;
				CLANG_WARN_UNREACHABLE_CODE = YES;
				CLANG_WARN__DUPLICATE_METHOD_MATCH = YES;
				CODE_SIGN_IDENTITY = "iPhone Developer";
				COPY_PHASE_STRIP = NO;
				DEBUG_INFORMATION_FORMAT = "dwarf-with-dsym";
				ENABLE_NS_ASSERTIONS = NO;
				ENABLE_STRICT_OBJC_MSGSEND = YES;
				GCC_C_LANGUAGE_STANDARD = gnu11;
				GCC_NO_COMMON_BLOCKS = YES;
				GCC_WARN_64_TO_32_BIT_CONVERSION = YES;
				GCC_WARN_ABOUT_RETURN_TYPE = YES_ERROR;
				GCC_WARN_UNDECLARED_SELECTOR = YES;
				GCC_WARN_UNINITIALIZED_AUTOS = YES_AGGRESSIVE;
				GCC_WARN_UNUSED_FUNCTION = YES;
				GCC_WARN_UNUSED_VARIABLE = YES;
				IPHONEOS_DEPLOYMENT_TARGET = 11.3;
				MTL_ENABLE_DEBUG_INFO = NO;
				SDKROOT = iphoneos;
				SWIFT_COMPILATION_MODE = wholemodule;
				SWIFT_OPTIMIZATION_LEVEL = "-O";
				VALIDATE_PRODUCT = YES;
			};
			name = Release;
		};
		35A197522042E14D00901D25 /* Debug */ = {
			isa = XCBuildConfiguration;
			baseConfigurationReference = 1684EEC1BAB7CAD43103927B /* Pods-driveMe.debug.xcconfig */;
			buildSettings = {
				ASSETCATALOG_COMPILER_APPICON_NAME = AppIcon;
				CODE_SIGN_STYLE = Automatic;
				DEVELOPMENT_TEAM = ZKQU62Q9XP;
				INFOPLIST_FILE = driveMe/Info.plist;
				LD_RUNPATH_SEARCH_PATHS = "$(inherited) @executable_path/Frameworks";
				PRODUCT_BUNDLE_IDENTIFIER = intralizee.driveMe;
				PRODUCT_NAME = "$(TARGET_NAME)";
				SWIFT_VERSION = 4.0;
				TARGETED_DEVICE_FAMILY = "1,2";
			};
			name = Debug;
		};
		35A197532042E14D00901D25 /* Release */ = {
			isa = XCBuildConfiguration;
			baseConfigurationReference = BDC1A9C5E3A281C777ED80DC /* Pods-driveMe.release.xcconfig */;
			buildSettings = {
				ASSETCATALOG_COMPILER_APPICON_NAME = AppIcon;
				CODE_SIGN_STYLE = Automatic;
				DEVELOPMENT_TEAM = ZKQU62Q9XP;
				INFOPLIST_FILE = driveMe/Info.plist;
				LD_RUNPATH_SEARCH_PATHS = "$(inherited) @executable_path/Frameworks";
				PRODUCT_BUNDLE_IDENTIFIER = intralizee.driveMe;
				PRODUCT_NAME = "$(TARGET_NAME)";
				SWIFT_VERSION = 4.0;
				TARGETED_DEVICE_FAMILY = "1,2";
			};
			name = Release;
		};
/* End XCBuildConfiguration section */

/* Begin XCConfigurationList section */
		35A1973A2042E14C00901D25 /* Build configuration list for PBXProject "driveMe" */ = {
			isa = XCConfigurationList;
			buildConfigurations = (
				35A1974F2042E14D00901D25 /* Debug */,
				35A197502042E14D00901D25 /* Release */,
			);
			defaultConfigurationIsVisible = 0;
			defaultConfigurationName = Release;
		};
		35A197512042E14D00901D25 /* Build configuration list for PBXNativeTarget "driveMe" */ = {
			isa = XCConfigurationList;
			buildConfigurations = (
				35A197522042E14D00901D25 /* Debug */,
				35A197532042E14D00901D25 /* Release */,
			);
			defaultConfigurationIsVisible = 0;
			defaultConfigurationName = Release;
		};
/* End XCConfigurationList section */
	};
	rootObject = 35A197372042E14C00901D25 /* Project object */;
}
